
Microsoft Visual Studio Solution File, Format Version 12.00
# Visual Studio Version 17
VisualStudioVersion = 17.5.002.0
MinimumVisualStudioVersion = 10.0.40219.1
Project("{2150E333-8FDC-42A3-9474-1A3956D46DE8}") = "csharp-prep", "csharp-prep", "{3146EAD0-6D93-4D29-B911-13C96D6DB18E}"
EndProject
Project("{9A19103F-16F7-4668-BE54-9A1E7A4F7556}") = "Prep1", "csharp-prep\Prep1\Prep1.csproj", "{30CB58E4-7632-4B25-AF94-2CEE969E6D23}"
EndProject
Project("{9A19103F-16F7-4668-BE54-9A1E7A4F7556}") = "Prep2", "csharp-prep\Prep2\Prep2.csproj", "{9DE4686C-6261-494E-AEA6-8C34141DB174}"
EndProject
Project("{9A19103F-16F7-4668-BE54-9A1E7A4F7556}") = "Prep3", "csharp-prep\Prep3\Prep3.csproj", "{FCB98F60-3E36-476D-8405-DEAC4732840A}"
EndProject
Project("{9A19103F-16F7-4668-BE54-9A1E7A4F7556}") = "Prep4", "csharp-prep\Prep4\Prep4.csproj", "{A76A8264-DFD8-48B6-B61B-4E3F33F0A293}"
EndProject
Project("{9A19103F-16F7-4668-BE54-9A1E7A4F7556}") = "Prep5", "csharp-prep\Prep5\Prep5.csproj", "{998DE54D-36B4-43F1-9163-99D6A4069B8F}"
EndProject
Project("{2150E333-8FDC-42A3-9474-1A3956D46DE8}") = "final", "final", "{946B5206-EEF3-4ED3-A412-92F2E729D624}"
EndProject
Project("{9A19103F-16F7-4668-BE54-9A1E7A4F7556}") = "FinalProject", "final\FinalProject\FinalProject.csproj", "{F39A09BD-1E49-4B43-B279-F48A57656B20}"
EndProject
Project("{9A19103F-16F7-4668-BE54-9A1E7A4F7556}") = "Foundation1", "final\Foundation1\Foundation1.csproj", "{0278D1BF-8F02-4552-89C6-874BB1EAE992}"
EndProject
Project("{9A19103F-16F7-4668-BE54-9A1E7A4F7556}") = "Foundation2", "final\Foundation2\Foundation2.csproj", "{3D46995A-BF54-4FD4-A3AD-31CFA3182996}"
EndProject
Project("{9A19103F-16F7-4668-BE54-9A1E7A4F7556}") = "Foundation3", "final\Foundation3\Foundation3.csproj", "{2A063BCA-DF62-4592-8EE5-493EF40BC2D9}"
EndProject
Project("{9A19103F-16F7-4668-BE54-9A1E7A4F7556}") = "Foundation4", "final\Foundation4\Foundation4.csproj", "{FCCA9BEA-3B03-4A3D-B562-1B32F22051B3}"
EndProject
Project("{2150E333-8FDC-42A3-9474-1A3956D46DE8}") = "prepare", "prepare", "{7A1B2EEC-E2EC-4A6A-A52A-F44E3F79BF21}"
EndProject
Project("{9A19103F-16F7-4668-BE54-9A1E7A4F7556}") = "Learning02", "prepare\Learning02\Learning02.csproj", "{CAE19130-23A6-4587-9BA1-F660736DC5E2}"
EndProject
Project("{9A19103F-16F7-4668-BE54-9A1E7A4F7556}") = "Learning03", "prepare\Learning03\Learning03.csproj", "{72667246-0527-4045-8DDB-808B91714FC6}"
EndProject
Project("{9A19103F-16F7-4668-BE54-9A1E7A4F7556}") = "Learning04", "prepare\Learning04\Learning04.csproj", "{EB7ED22C-95F8-44C1-B455-CD179D2DC4B2}"
EndProject
Project("{9A19103F-16F7-4668-BE54-9A1E7A4F7556}") = "Learning05", "prepare\Learning05\Learning05.csproj", "{83C3E45B-320A-4F1D-875F-DCFAC546BB0C}"
EndProject
Project("{2150E333-8FDC-42A3-9474-1A3956D46DE8}") = "prove", "prove", "{7C5A0197-B6A3-42A2-8906-1E1778FEC333}"
EndProject
Project("{9A19103F-16F7-4668-BE54-9A1E7A4F7556}") = "Develop02", "prove\Develop02\Develop02.csproj", "{57FA6ECE-3500-41B3-A996-CE9E4F30E6D3}"
EndProject
Project("{9A19103F-16F7-4668-BE54-9A1E7A4F7556}") = "Develop03", "prove\Develop03\Develop03.csproj", "{AA80C34C-678A-4666-9D7B-901515B815FA}"
EndProject
Project("{9A19103F-16F7-4668-BE54-9A1E7A4F7556}") = "Develop04", "prove\Develop04\Develop04.csproj", "{BCE33BCB-C7B8-48FB-8AE2-79A50AEC3822}"
EndProject
Project("{9A19103F-16F7-4668-BE54-9A1E7A4F7556}") = "Develop05", "prove\Develop05\Develop05.csproj", "{A020E204-FDFE-42C0-A9E5-2D55895467BB}"
EndProject
Project("{2150E333-8FDC-42A3-9474-1A3956D46DE8}") = "sandbox", "sandbox", "{0BA19AC1-91D5-462B-8E22-2F426A08F8E6}"
EndProject
Project("{9A19103F-16F7-4668-BE54-9A1E7A4F7556}") = "Sandbox", "sandbox\Sandbox\Sandbox.csproj", "{DCD5A88F-35B7-4FD7-BD3F-AB76B1765A03}"
EndProject
Global
	GlobalSection(SolutionConfigurationPlatforms) = preSolution
		Debug|Any CPU = Debug|Any CPU
		Release|Any CPU = Release|Any CPU
	EndGlobalSection
	GlobalSection(ProjectConfigurationPlatforms) = postSolution
		{30CB58E4-7632-4B25-AF94-2CEE969E6D23}.Debug|Any CPU.ActiveCfg = Debug|Any CPU
		{30CB58E4-7632-4B25-AF94-2CEE969E6D23}.Debug|Any CPU.Build.0 = Debug|Any CPU
		{30CB58E4-7632-4B25-AF94-2CEE969E6D23}.Release|Any CPU.ActiveCfg = Release|Any CPU
		{30CB58E4-7632-4B25-AF94-2CEE969E6D23}.Release|Any CPU.Build.0 = Release|Any CPU
		{9DE4686C-6261-494E-AEA6-8C34141DB174}.Debug|Any CPU.ActiveCfg = Debug|Any CPU
		{9DE4686C-6261-494E-AEA6-8C34141DB174}.Debug|Any CPU.Build.0 = Debug|Any CPU
		{9DE4686C-6261-494E-AEA6-8C34141DB174}.Release|Any CPU.ActiveCfg = Release|Any CPU
		{9DE4686C-6261-494E-AEA6-8C34141DB174}.Release|Any CPU.Build.0 = Release|Any CPU
		{FCB98F60-3E36-476D-8405-DEAC4732840A}.Debug|Any CPU.ActiveCfg = Debug|Any CPU
		{FCB98F60-3E36-476D-8405-DEAC4732840A}.Debug|Any CPU.Build.0 = Debug|Any CPU
		{FCB98F60-3E36-476D-8405-DEAC4732840A}.Release|Any CPU.ActiveCfg = Release|Any CPU
		{FCB98F60-3E36-476D-8405-DEAC4732840A}.Release|Any CPU.Build.0 = Release|Any CPU
		{A76A8264-DFD8-48B6-B61B-4E3F33F0A293}.Debug|Any CPU.ActiveCfg = Debug|Any CPU
		{A76A8264-DFD8-48B6-B61B-4E3F33F0A293}.Debug|Any CPU.Build.0 = Debug|Any CPU
		{A76A8264-DFD8-48B6-B61B-4E3F33F0A293}.Release|Any CPU.ActiveCfg = Release|Any CPU
		{A76A8264-DFD8-48B6-B61B-4E3F33F0A293}.Release|Any CPU.Build.0 = Release|Any CPU
		{998DE54D-36B4-43F1-9163-99D6A4069B8F}.Debug|Any CPU.ActiveCfg = Debug|Any CPU
		{998DE54D-36B4-43F1-9163-99D6A4069B8F}.Debug|Any CPU.Build.0 = Debug|Any CPU
		{998DE54D-36B4-43F1-9163-99D6A4069B8F}.Release|Any CPU.ActiveCfg = Release|Any CPU
		{998DE54D-36B4-43F1-9163-99D6A4069B8F}.Release|Any CPU.Build.0 = Release|Any CPU
		{F39A09BD-1E49-4B43-B279-F48A57656B20}.Debug|Any CPU.ActiveCfg = Debug|Any CPU
		{F39A09BD-1E49-4B43-B279-F48A57656B20}.Debug|Any CPU.Build.0 = Debug|Any CPU
		{F39A09BD-1E49-4B43-B279-F48A57656B20}.Release|Any CPU.ActiveCfg = Release|Any CPU
		{F39A09BD-1E49-4B43-B279-F48A57656B20}.Release|Any CPU.Build.0 = Release|Any CPU
		{0278D1BF-8F02-4552-89C6-874BB1EAE992}.Debug|Any CPU.ActiveCfg = Debug|Any CPU
		{0278D1BF-8F02-4552-89C6-874BB1EAE992}.Debug|Any CPU.Build.0 = Debug|Any CPU
		{0278D1BF-8F02-4552-89C6-874BB1EAE992}.Release|Any CPU.ActiveCfg = Release|Any CPU
		{0278D1BF-8F02-4552-89C6-874BB1EAE992}.Release|Any CPU.Build.0 = Release|Any CPU
		{3D46995A-BF54-4FD4-A3AD-31CFA3182996}.Debug|Any CPU.ActiveCfg = Debug|Any CPU
		{3D46995A-BF54-4FD4-A3AD-31CFA3182996}.Debug|Any CPU.Build.0 = Debug|Any CPU
		{3D46995A-BF54-4FD4-A3AD-31CFA3182996}.Release|Any CPU.ActiveCfg = Release|Any CPU
		{3D46995A-BF54-4FD4-A3AD-31CFA3182996}.Release|Any CPU.Build.0 = Release|Any CPU
		{2A063BCA-DF62-4592-8EE5-493EF40BC2D9}.Debug|Any CPU.ActiveCfg = Debug|Any CPU
		{2A063BCA-DF62-4592-8EE5-493EF40BC2D9}.Debug|Any CPU.Build.0 = Debug|Any CPU
		{2A063BCA-DF62-4592-8EE5-493EF40BC2D9}.Release|Any CPU.ActiveCfg = Release|Any CPU
		{2A063BCA-DF62-4592-8EE5-493EF40BC2D9}.Release|Any CPU.Build.0 = Release|Any CPU
		{FCCA9BEA-3B03-4A3D-B562-1B32F22051B3}.Debug|Any CPU.ActiveCfg = Debug|Any CPU
		{FCCA9BEA-3B03-4A3D-B562-1B32F22051B3}.Debug|Any CPU.Build.0 = Debug|Any CPU
		{FCCA9BEA-3B03-4A3D-B562-1B32F22051B3}.Release|Any CPU.ActiveCfg = Release|Any CPU
		{FCCA9BEA-3B03-4A3D-B562-1B32F22051B3}.Release|Any CPU.Build.0 = Release|Any CPU
		{CAE19130-23A6-4587-9BA1-F660736DC5E2}.Debug|Any CPU.ActiveCfg = Debug|Any CPU
		{CAE19130-23A6-4587-9BA1-F660736DC5E2}.Debug|Any CPU.Build.0 = Debug|Any CPU
		{CAE19130-23A6-4587-9BA1-F660736DC5E2}.Release|Any CPU.ActiveCfg = Release|Any CPU
		{CAE19130-23A6-4587-9BA1-F660736DC5E2}.Release|Any CPU.Build.0 = Release|Any CPU
		{72667246-0527-4045-8DDB-808B91714FC6}.Debug|Any CPU.ActiveCfg = Debug|Any CPU
		{72667246-0527-4045-8DDB-808B91714FC6}.Debug|Any CPU.Build.0 = Debug|Any CPU
		{72667246-0527-4045-8DDB-808B91714FC6}.Release|Any CPU.ActiveCfg = Release|Any CPU
		{72667246-0527-4045-8DDB-808B91714FC6}.Release|Any CPU.Build.0 = Release|Any CPU
		{EB7ED22C-95F8-44C1-B455-CD179D2DC4B2}.Debug|Any CPU.ActiveCfg = Debug|Any CPU
		{EB7ED22C-95F8-44C1-B455-CD179D2DC4B2}.Debug|Any CPU.Build.0 = Debug|Any CPU
		{EB7ED22C-95F8-44C1-B455-CD179D2DC4B2}.Release|Any CPU.ActiveCfg = Release|Any CPU
		{EB7ED22C-95F8-44C1-B455-CD179D2DC4B2}.Release|Any CPU.Build.0 = Release|Any CPU
		{83C3E45B-320A-4F1D-875F-DCFAC546BB0C}.Debug|Any CPU.ActiveCfg = Debug|Any CPU
		{83C3E45B-320A-4F1D-875F-DCFAC546BB0C}.Debug|Any CPU.Build.0 = Debug|Any CPU
		{83C3E45B-320A-4F1D-875F-DCFAC546BB0C}.Release|Any CPU.ActiveCfg = Release|Any CPU
		{83C3E45B-320A-4F1D-875F-DCFAC546BB0C}.Release|Any CPU.Build.0 = Release|Any CPU
		{57FA6ECE-3500-41B3-A996-CE9E4F30E6D3}.Debug|Any CPU.ActiveCfg = Debug|Any CPU
		{57FA6ECE-3500-41B3-A996-CE9E4F30E6D3}.Debug|Any CPU.Build.0 = Debug|Any CPU
		{57FA6ECE-3500-41B3-A996-CE9E4F30E6D3}.Release|Any CPU.ActiveCfg = Release|Any CPU
		{57FA6ECE-3500-41B3-A996-CE9E4F30E6D3}.Release|Any CPU.Build.0 = Release|Any CPU
		{AA80C34C-678A-4666-9D7B-901515B815FA}.Debug|Any CPU.ActiveCfg = Debug|Any CPU
		{AA80C34C-678A-4666-9D7B-901515B815FA}.Debug|Any CPU.Build.0 = Debug|Any CPU
		{AA80C34C-678A-4666-9D7B-901515B815FA}.Release|Any CPU.ActiveCfg = Release|Any CPU
		{AA80C34C-678A-4666-9D7B-901515B815FA}.Release|Any CPU.Build.0 = Release|Any CPU
		{BCE33BCB-C7B8-48FB-8AE2-79A50AEC3822}.Debug|Any CPU.ActiveCfg = Debug|Any CPU
		{BCE33BCB-C7B8-48FB-8AE2-79A50AEC3822}.Debug|Any CPU.Build.0 = Debug|Any CPU
		{BCE33BCB-C7B8-48FB-8AE2-79A50AEC3822}.Release|Any CPU.ActiveCfg = Release|Any CPU
		{BCE33BCB-C7B8-48FB-8AE2-79A50AEC3822}.Release|Any CPU.Build.0 = Release|Any CPU
		{A020E204-FDFE-42C0-A9E5-2D55895467BB}.Debug|Any CPU.ActiveCfg = Debug|Any CPU
		{A020E204-FDFE-42C0-A9E5-2D55895467BB}.Debug|Any CPU.Build.0 = Debug|Any CPU
		{A020E204-FDFE-42C0-A9E5-2D55895467BB}.Release|Any CPU.ActiveCfg = Release|Any CPU
		{A020E204-FDFE-42C0-A9E5-2D55895467BB}.Release|Any CPU.Build.0 = Release|Any CPU
		{DCD5A88F-35B7-4FD7-BD3F-AB76B1765A03}.Debug|Any CPU.ActiveCfg = Debug|Any CPU
		{DCD5A88F-35B7-4FD7-BD3F-AB76B1765A03}.Debug|Any CPU.Build.0 = Debug|Any CPU
		{DCD5A88F-35B7-4FD7-BD3F-AB76B1765A03}.Release|Any CPU.ActiveCfg = Release|Any CPU
		{DCD5A88F-35B7-4FD7-BD3F-AB76B1765A03}.Release|Any CPU.Build.0 = Release|Any CPU
	EndGlobalSection
	GlobalSection(SolutionProperties) = preSolution
		HideSolutionNode = FALSE
	EndGlobalSection
	GlobalSection(NestedProjects) = preSolution
		{30CB58E4-7632-4B25-AF94-2CEE969E6D23} = {3146EAD0-6D93-4D29-B911-13C96D6DB18E}
		{9DE4686C-6261-494E-AEA6-8C34141DB174} = {3146EAD0-6D93-4D29-B911-13C96D6DB18E}
		{FCB98F60-3E36-476D-8405-DEAC4732840A} = {3146EAD0-6D93-4D29-B911-13C96D6DB18E}
		{A76A8264-DFD8-48B6-B61B-4E3F33F0A293} = {3146EAD0-6D93-4D29-B911-13C96D6DB18E}
		{998DE54D-36B4-43F1-9163-99D6A4069B8F} = {3146EAD0-6D93-4D29-B911-13C96D6DB18E}
		{F39A09BD-1E49-4B43-B279-F48A57656B20} = {946B5206-EEF3-4ED3-A412-92F2E729D624}
		{0278D1BF-8F02-4552-89C6-874BB1EAE992} = {946B5206-EEF3-4ED3-A412-92F2E729D624}
		{3D46995A-BF54-4FD4-A3AD-31CFA3182996} = {946B5206-EEF3-4ED3-A412-92F2E729D624}
		{2A063BCA-DF62-4592-8EE5-493EF40BC2D9} = {946B5206-EEF3-4ED3-A412-92F2E729D624}
		{FCCA9BEA-3B03-4A3D-B562-1B32F22051B3} = {946B5206-EEF3-4ED3-A412-92F2E729D624}
		{CAE19130-23A6-4587-9BA1-F660736DC5E2} = {7A1B2EEC-E2EC-4A6A-A52A-F44E3F79BF21}
		{72667246-0527-4045-8DDB-808B91714FC6} = {7A1B2EEC-E2EC-4A6A-A52A-F44E3F79BF21}
		{EB7ED22C-95F8-44C1-B455-CD179D2DC4B2} = {7A1B2EEC-E2EC-4A6A-A52A-F44E3F79BF21}
		{83C3E45B-320A-4F1D-875F-DCFAC546BB0C} = {7A1B2EEC-E2EC-4A6A-A52A-F44E3F79BF21}
		{57FA6ECE-3500-41B3-A996-CE9E4F30E6D3} = {7C5A0197-B6A3-42A2-8906-1E1778FEC333}
		{AA80C34C-678A-4666-9D7B-901515B815FA} = {7C5A0197-B6A3-42A2-8906-1E1778FEC333}
		{BCE33BCB-C7B8-48FB-8AE2-79A50AEC3822} = {7C5A0197-B6A3-42A2-8906-1E1778FEC333}
		{A020E204-FDFE-42C0-A9E5-2D55895467BB} = {7C5A0197-B6A3-42A2-8906-1E1778FEC333}
		{DCD5A88F-35B7-4FD7-BD3F-AB76B1765A03} = {0BA19AC1-91D5-462B-8E22-2F426A08F8E6}
	EndGlobalSection
	GlobalSection(ExtensibilityGlobals) = postSolution
		SolutionGuid = {38F76DAD-A485-406D-9D9F-757C4451A8ED}
	EndGlobalSection
EndGlobal
